
Microsoft Visual Studio Solution File, Format Version 12.00
# Visual Studio Version 16
VisualStudioVersion = 16.0.31702.278
MinimumVisualStudioVersion = 10.0.40219.1
Project("{8BC9CEB8-8B4A-11D0-8D11-00A0C91BC942}") = "laba7addtional", "laba7addtional.vcxproj", "{D06AC4E3-8562-40B2-A67C-4D61D942272C}"
EndProject
Global
	GlobalSection(SolutionConfigurationPlatforms) = preSolution
		Debug|x64 = Debug|x64
		Debug|x86 = Debug|x86
		Release|x64 = Release|x64
		Release|x86 = Release|x86
	EndGlobalSection
	GlobalSection(ProjectConfigurationPlatforms) = postSolution
		{D06AC4E3-8562-40B2-A67C-4D61D942272C}.Debug|x64.ActiveCfg = Debug|x64
		{D06AC4E3-8562-40B2-A67C-4D61D942272C}.Debug|x64.Build.0 = Debug|x64
		{D06AC4E3-8562-40B2-A67C-4D61D942272C}.Debug|x86.ActiveCfg = Debug|Win32
		{D06AC4E3-8562-40B2-A67C-4D61D942272C}.Debug|x86.Build.0 = Debug|Win32
		{D06AC4E3-8562-40B2-A67C-4D61D942272C}.Release|x64.ActiveCfg = Release|x64
		{D06AC4E3-8562-40B2-A67C-4D61D942272C}.Release|x64.Build.0 = Release|x64
		{D06AC4E3-8562-40B2-A67C-4D61D942272C}.Release|x86.ActiveCfg = Release|Win32
		{D06AC4E3-8562-40B2-A67C-4D61D942272C}.Release|x86.Build.0 = Release|Win32
	EndGlobalSection
	GlobalSection(SolutionProperties) = preSolution
		HideSolutionNode = FALSE
	EndGlobalSection
	GlobalSection(ExtensibilityGlobals) = postSolution
		SolutionGuid = {F1A0A704-F19E-4051-8837-83D6367AB5CC}
	EndGlobalSection
EndGlobal
